
Microsoft Visual Studio Solution File, Format Version 12.00
# Visual Studio Version 17
VisualStudioVersion = 17.5.33424.131
MinimumVisualStudioVersion = 10.0.40219.1
Project("{9A19103F-16F7-4668-BE54-9A1E7A4F7556}") = "Microsoft.Azure.Kafka.SchemaRegistry.Json.Samples", "samples\Microsoft.Azure.Kafka.SchemaRegistry.Json.Samples.csproj", "{8C67EF62-768F-411D-9ED3-EA1CA79E2B58}"
EndProject
Project("{FAE04EC0-301F-11D3-BF4B-00C04F79EFBC}") = "Microsoft.Azure.Kafka.SchemaRegistry.Json", "src\Microsoft.Azure.Kafka.SchemaRegistry.Json.csproj", "{58486BD3-3E86-476B-BBA8-9AC8496DEC49}"
EndProject
Global
	GlobalSection(SolutionConfigurationPlatforms) = preSolution
		Debug|Any CPU = Debug|Any CPU
		Release|Any CPU = Release|Any CPU
	EndGlobalSection
	GlobalSection(ProjectConfigurationPlatforms) = postSolution
		{8C67EF62-768F-411D-9ED3-EA1CA79E2B58}.Debug|Any CPU.ActiveCfg = Debug|Any CPU
		{8C67EF62-768F-411D-9ED3-EA1CA79E2B58}.Debug|Any CPU.Build.0 = Debug|Any CPU
		{8C67EF62-768F-411D-9ED3-EA1CA79E2B58}.Release|Any CPU.ActiveCfg = Release|Any CPU
		{8C67EF62-768F-411D-9ED3-EA1CA79E2B58}.Release|Any CPU.Build.0 = Release|Any CPU
		{58486BD3-3E86-476B-BBA8-9AC8496DEC49}.Debug|Any CPU.ActiveCfg = Debug|Any CPU
		{58486BD3-3E86-476B-BBA8-9AC8496DEC49}.Debug|Any CPU.Build.0 = Debug|Any CPU
		{58486BD3-3E86-476B-BBA8-9AC8496DEC49}.Release|Any CPU.ActiveCfg = Release|Any CPU
		{58486BD3-3E86-476B-BBA8-9AC8496DEC49}.Release|Any CPU.Build.0 = Release|Any CPU
	EndGlobalSection
	GlobalSection(SolutionProperties) = preSolution
		HideSolutionNode = FALSE
	EndGlobalSection
	GlobalSection(ExtensibilityGlobals) = postSolution
		SolutionGuid = {8EDB178D-714E-4E69-A634-1F2770F14E4B}
	EndGlobalSection
EndGlobal
